{
  "nodes": {
    "darwin": {
      "inputs": {
        "nixpkgs": [
          "nixpkgs-darwin"
        ]
      },
      "locked": {
        "lastModified": 1775037210,
        "narHash": "sha256-KM2WYj6EA7M/FVZVCl3rqWY+TFV5QzSyyGE2gQxeODU=",
        "owner": "nix-darwin",
        "repo": "nix-darwin",
        "rev": "06648f4902343228ce2de79f291dd5a58ee12146",
        "type": "github"
      },
      "original": {
        "owner": "nix-darwin",
        "repo": "nix-darwin",
        "type": "github"
      }
    },
    "home-manager": {
      "inputs": {
        "nixpkgs": [
          "nixpkgs-darwin"
        ]
      },
      "locked": {
        "lastModified": 1775622785,
        "narHash": "sha256-/yFxO+7oS1SymDfJ2iVO7K5vJKcYfe9XGIJ+quLqz0Q=",
        "owner": "nix-community",
        "repo": "home-manager",
        "rev": "527e47b78fe67213072f706bf933a9705a8c4974",
        "type": "github"
      },
      "original": {
        "owner": "nix-community",
        "repo": "home-manager",
        "type": "github"
      }
    },
    "nixpkgs-darwin": {
      "locked": {
        "lastModified": 1775639890,
        "narHash": "sha256-9O9gNidrdzcb7vgKGtff7QiLtr0IsVaCi0pAXm8anhQ=",
        "owner": "nixos",
        "repo": "nixpkgs",
        "rev": "456e8a9468b9d46bd8c9524425026c00745bc4d2",
        "type": "github"
      },
      "original": {
        "owner": "nixos",
        "ref": "nixpkgs-unstable",
        "repo": "nixpkgs",
        "type": "github"
      }
    },
    "root": {
      "inputs": {
        "darwin": "darwin",
        "home-manager": "home-manager",
        "nixpkgs": [
          "nixpkgs-darwin"
        ],
        "nixpkgs-darwin": "nixpkgs-darwin",
        "sops-nix": "sops-nix"
      }
    },
    "sops-nix": {
      "inputs": {
        "nixpkgs": [
          "nixpkgs-darwin"
        ]
      },
      "locked": {
        "lastModified": 1775619836,
        "narHash": "sha256-VcC/+MMMldwQKcST2y/QTndGLusSxjeUvYwFwzZKKko=",
        "owner": "Mic92",
        "repo": "sops-nix",
        "rev": "de5f2d596eb896a5728afcd15f823f59cb9ecfdb",
        "type": "github"
      },
      "original": {
        "owner": "Mic92",
        "repo": "sops-nix",
        "type": "github"
      }
    }
  },
  "root": "root",
  "version": 7
}
